// !$*UTF8*$!
{
	archiveVersion = 1;
	classes = {
	};
	objectVersion = 46;
	objects = {

/* Begin PBXBuildFile section */
		847D107B1EE7E26700C46557 /* AppDelegate.swift in Sources */ = {isa = PBXBuildFile; fileRef = 847D107A1EE7E26700C46557 /* AppDelegate.swift */; };
		847D107D1EE7E26700C46557 /* ViewController.swift in Sources */ = {isa = PBXBuildFile; fileRef = 847D107C1EE7E26700C46557 /* ViewController.swift */; };
		847D10801EE7E26700C46557 /* Main.storyboard in Resources */ = {isa = PBXBuildFile; fileRef = 847D107E1EE7E26700C46557 /* Main.storyboard */; };
		847D10821EE7E26700C46557 /* Assets.xcassets in Resources */ = {isa = PBXBuildFile; fileRef = 847D10811EE7E26700C46557 /* Assets.xcassets */; };
		847D10851EE7E26700C46557 /* LaunchScreen.storyboard in Resources */ = {isa = PBXBuildFile; fileRef = 847D10831EE7E26700C46557 /* LaunchScreen.storyboard */; };
/* End PBXBuildFile section */

/* Begin PBXFileReference section */
		847D10771EE7E26700C46557 /* TIP.app */ = {isa = PBXFileReference; explicitFileType = wrapper.application; includeInIndex = 0; path = TIP.app; sourceTree = BUILT_PRODUCTS_DIR; };
		847D107A1EE7E26700C46557 /* AppDelegate.swift */ = {isa = PBXFileReference; lastKnownFileType = sourcecode.swift; path = AppDelegate.swift; sourceTree = "<group>"; };
		847D107C1EE7E26700C46557 /* ViewController.swift */ = {isa = PBXFileReference; lastKnownFileType = sourcecode.swift; path = ViewController.swift; sourceTree = "<group>"; };
		847D107F1EE7E26700C46557 /* Base */ = {isa = PBXFileReference; lastKnownFileType = file.storyboard; name = Base; path = Base.lproj/Main.storyboard; sourceTree = "<group>"; };
		847D10811EE7E26700C46557 /* Assets.xcassets */ = {isa = PBXFileReference; lastKnownFileType = folder.assetcatalog; path = Assets.xcassets; sourceTree = "<group>"; };
		847D10841EE7E26700C46557 /* Base */ = {isa = PBXFileReference; lastKnownFileType = file.storyboard; name = Base; path = Base.lproj/LaunchScreen.storyboard; sourceTree = "<group>"; };
		847D10861EE7E26700C46557 /* Info.plist */ = {isa = PBXFileReference; lastKnownFileType = text.plist.xml; path = Info.plist; sourceTree = "<group>"; };
/* End PBXFileReference section */

/* Begin PBXFrameworksBuildPhase section */
		847D10741EE7E26700C46557 /* Frameworks */ = {
			isa = PBXFrameworksBuildPhase;
			buildActionMask = 2147483647;
			files = (
			);
			runOnlyForDeploymentPostprocessing = 0;
		};
/* End PBXFrameworksBuildPhase section */

/* Begin PBXGroup section */
		847D106E1EE7E26700C46557 = {
			isa = PBXGroup;
			children = (
				847D10791EE7E26700C46557 /* TIP */,
				847D10781EE7E26700C46557 /* Products */,
			);
			sourceTree = "<group>";
		};
		847D10781EE7E26700C46557 /* Products */ = {
			isa = PBXGroup;
			children = (
				847D10771EE7E26700C46557 /* TIP.app */,
			);
			name = Products;
			sourceTree = "<group>";
		};
		847D10791EE7E26700C46557 /* TIP */ = {
			isa = PBXGroup;
			children = (
				847D107A1EE7E26700C46557 /* AppDelegate.swift */,
				847D107C1EE7E26700C46557 /* ViewController.swift */,
				847D107E1EE7E26700C46557 /* Main.storyboard */,
				847D10811EE7E26700C46557 /* Assets.xcassets */,
				847D10831EE7E26700C46557 /* LaunchScreen.storyboard */,
				847D10861EE7E26700C46557 /* Info.plist */,
			);
			path = TIP;
			sourceTree = "<group>";
		};
/* End PBXGroup section */

/* Begin PBXNativeTarget section */
		847D10761EE7E26700C46557 /* TIP */ = {
			isa = PBXNativeTarget;
			buildConfigurationList = 847D10891EE7E26700C46557 /* Build configuration list for PBXNativeTarget "TIP" */;
			buildPhases = (
				847D10731EE7E26700C46557 /* Sources */,
				847D10741EE7E26700C46557 /* Frameworks */,
				847D10751EE7E26700C46557 /* Resources */,
			);
			buildRules = (
			);
			dependencies = (
			);
			name = TIP;
			productName = TIP;
			productReference = 847D10771EE7E26700C46557 /* TIP.app */;
			productType = "com.apple.product-type.application";
		};
/* End PBXNativeTarget section */

/* Begin PBXProject section */
		847D106F1EE7E26700C46557 /* Project object */ = {
			isa = PBXProject;
			attributes = {
				LastSwiftUpdateCheck = 0830;
				LastUpgradeCheck = 0830;
				ORGANIZATIONNAME = iCoder;
				TargetAttributes = {
					847D10761EE7E26700C46557 = {
						CreatedOnToolsVersion = 8.3;
						ProvisioningStyle = Automatic;
					};
				};
			};
			buildConfigurationList = 847D10721EE7E26700C46557 /* Build configuration list for PBXProject "TIP" */;
			compatibilityVersion = "Xcode 3.2";
			developmentRegion = English;
			hasScannedForEncodings = 0;
			knownRegions = (
				en,
				Base,
			);
			mainGroup = 847D106E1EE7E26700C46557;
			productRefGroup = 847D10781EE7E26700C46557 /* Products */;
			projectDirPath = "";
			projectRoot = "";
			targets = (
				847D10761EE7E26700C46557 /* TIP */,
			);
		};
/* End PBXProject section */

/* Begin PBXResourcesBuildPhase section */
		847D10751EE7E26700C46557 /* Resources */ = {
			isa = PBXResourcesBuildPhase;
			buildActionMask = 2147483647;
			files = (
				847D10851EE7E26700C46557 /* LaunchScreen.storyboard in Resources */,
				847D10821EE7E26700C46557 /* Assets.xcassets in Resources */,
				847D10801EE7E26700C46557 /* Main.storyboard in Resources */,
			);
			runOnlyForDeploymentPostprocessing = 0;
		};
/* End PBXResourcesBuildPhase section */

/* Begin PBXSourcesBuildPhase section */
		847D10731EE7E26700C46557 /* Sources */ = {
			isa = PBXSourcesBuildPhase;
			buildActionMask = 2147483647;
			files = (
				847D107D1EE7E26700C46557 /* ViewController.swift in Sources */,
				847D107B1EE7E26700C46557 /* AppDelegate.swift in Sources */,
			);
			runOnlyForDeploymentPostprocessing = 0;
		};
/* End PBXSourcesBuildPhase section */

/* Begin PBXVariantGroup section */
		847D107E1EE7E26700C46557 /* Main.storyboard */ = {
			isa = PBXVariantGroup;
			children = (
				847D107F1EE7E26700C46557 /* Base */,
			);
			name = Main.storyboard;
			sourceTree = "<group>";
		};
		847D10831EE7E26700C46557 /* LaunchScreen.storyboard */ = {
			isa = PBXVariantGroup;
			children = (
				847D10841EE7E26700C46557 /* Base */,
			);
			name = LaunchScreen.storyboard;
			sourceTree = "<group>";
		};
/* End PBXVariantGroup section */

/* Begin XCBuildConfiguration section */
		847D10871EE7E26700C46557 /* Debug */ = {
			isa = XCBuildConfiguration;
			buildSettings = {
				ALWAYS_SEARCH_USER_PATHS = NO;
				CLANG_ANALYZER_NONNULL = YES;
				CLANG_ANALYZER_NUMBER_OBJECT_CONVERSION = YES_AGGRESSIVE;
				CLANG_CXX_LANGUAGE_STANDARD = "gnu++0x";
				CLANG_CXX_LIBRARY = "libc++";
				CLANG_ENABLE_MODULES = YES;
				CLANG_ENABLE_OBJC_ARC = YES;
				CLANG_WARN_BOOL_CONVERSION = YES;
				CLANG_WARN_CONSTANT_CONVERSION = YES;
				CLANG_WARN_DIRECT_OBJC_ISA_USAGE = YES_ERROR;
				CLANG_WARN_DOCUMENTATION_COMMENTS = YES;
				CLANG_WARN_EMPTY_BODY = YES;
				CLANG_WARN_ENUM_CONVERSION = YES;
				CLANG_WARN_INFINITE_RECURSION = YES;
				CLANG_WARN_INT_CONVERSION = YES;
				CLANG_WARN_OBJC_ROOT_CLASS = YES_ERROR;
				CLANG_WARN_SUSPICIOUS_MOVE = YES;
				CLANG_WARN_UNREACHABLE_CODE = YES;
				CLANG_WARN__DUPLICATE_METHOD_MATCH = YES;
				"CODE_SIGN_IDENTITY[sdk=iphoneos*]" = "iPhone Developer";
				COPY_PHASE_STRIP = NO;
				DEBUG_INFORMATION_FORMAT = dwarf;
				ENABLE_STRICT_OBJC_MSGSEND = YES;
				ENABLE_TESTABILITY = YES;
				GCC_C_LANGUAGE_STANDARD = gnu99;
				GCC_DYNAMIC_NO_PIC = NO;
				GCC_NO_COMMON_BLOCKS = YES;
				GCC_OPTIMIZATION_LEVEL = 0;
				GCC_PREPROCESSOR_DEFINITIONS = (
					"DEBUG=1",
					"$(inherited)",
				);
				GCC_WARN_64_TO_32_BIT_CONVERSION = YES;
				GCC_WARN_ABOUT_RETURN_TYPE = YES_ERROR;
				GCC_WARN_UNDECLARED_SELECTOR = YES;
				GCC_WARN_UNINITIALIZED_AUTOS = YES_AGGRESSIVE;
				GCC_WARN_UNUSED_FUNCTION = YES;
				GCC_WARN_UNUSED_VARIABLE = YES;
				IPHONEOS_DEPLOYMENT_TARGET = 10.3;
				MTL_ENABLE_DEBUG_INFO = YES;
				ONLY_ACTIVE_ARCH = YES;
				SDKROOT = iphoneos;
				SWIFT_ACTIVE_COMPILATION_CONDITIONS = DEBUG;
				SWIFT_OPTIMIZATION_LEVEL = "-Onone";
				TARGETED_DEVICE_FAMILY = "1,2";
			};
			name = Debug;
		};
		847D10881EE7E26700C46557 /* Release */ = {
			isa = XCBuildConfiguration;
			buildSettings = {
				ALWAYS_SEARCH_USER_PATHS = NO;
				CLANG_ANALYZER_NONNULL = YES;
				CLANG_ANALYZER_NUMBER_OBJECT_CONVERSION = YES_AGGRESSIVE;
				CLANG_CXX_LANGUAGE_STANDARD = "gnu++0x";
				CLANG_CXX_LIBRARY = "libc++";
				CLANG_ENABLE_MODULES = YES;
				CLANG_ENABLE_OBJC_ARC = YES;
				CLANG_WARN_BOOL_CONVERSION = YES;
				CLANG_WARN_CONSTANT_CONVERSION = YES;
				CLANG_WARN_DIRECT_OBJC_ISA_USAGE = YES_ERROR;
				CLANG_WARN_DOCUMENTATION_COMMENTS = YES;
				CLANG_WARN_EMPTY_BODY = YES;
				CLANG_WARN_ENUM_CONVERSION = YES;
				CLANG_WARN_INFINITE_RECURSION = YES;
				CLANG_WARN_INT_CONVERSION = YES;
				CLANG_WARN_OBJC_ROOT_CLASS = YES_ERROR;
				CLANG_WARN_SUSPICIOUS_MOVE = YES;
				CLANG_WARN_UNREACHABLE_CODE = YES;
				CLANG_WARN__DUPLICATE_METHOD_MATCH = YES;
				"CODE_SIGN_IDENTITY[sdk=iphoneos*]" = "iPhone Developer";
				COPY_PHASE_STRIP = NO;
				DEBUG_INFORMATION_FORMAT = "dwarf-with-dsym";
				ENABLE_NS_ASSERTIONS = NO;
				ENABLE_STRICT_OBJC_MSGSEND = YES;
				GCC_C_LANGUAGE_STANDARD = gnu99;
				GCC_NO_COMMON_BLOCKS = YES;
				GCC_WARN_64_TO_32_BIT_CONVERSION = YES;
				GCC_WARN_ABOUT_RETURN_TYPE = YES_ERROR;
				GCC_WARN_UNDECLARED_SELECTOR = YES;
				GCC_WARN_UNINITIALIZED_AUTOS = YES_AGGRESSIVE;
				GCC_WARN_UNUSED_FUNCTION = YES;
				GCC_WARN_UNUSED_VARIABLE = YES;
				IPHONEOS_DEPLOYMENT_TARGET = 10.3;
				MTL_ENABLE_DEBUG_INFO = NO;
				SDKROOT = iphoneos;
				SWIFT_OPTIMIZATION_LEVEL = "-Owholemodule";
				TARGETED_DEVICE_FAMILY = "1,2";
				VALIDATE_PRODUCT = YES;
			};
			name = Release;
		};
		847D108A1EE7E26700C46557 /* Debug */ = {
			isa = XCBuildConfiguration;
			buildSettings = {
				ASSETCATALOG_COMPILER_APPICON_NAME = AppIcon;
				INFOPLIST_FILE = TIP/Info.plist;
				LD_RUNPATH_SEARCH_PATHS = "$(inherited) @executable_path/Frameworks";
				PRODUCT_BUNDLE_IDENTIFIER = iCoder.com.TIP;
				PRODUCT_NAME = "$(TARGET_NAME)";
				SWIFT_VERSION = 3.0;
			};
			name = Debug;
		};
		847D108B1EE7E26700C46557 /* Release */ = {
			isa = XCBuildConfiguration;
			buildSettings = {
				ASSETCATALOG_COMPILER_APPICON_NAME = AppIcon;
				INFOPLIST_FILE = TIP/Info.plist;
				LD_RUNPATH_SEARCH_PATHS = "$(inherited) @executable_path/Frameworks";
				PRODUCT_BUNDLE_IDENTIFIER = iCoder.com.TIP;
				PRODUCT_NAME = "$(TARGET_NAME)";
				SWIFT_VERSION = 3.0;
			};
			name = Release;
		};
/* End XCBuildConfiguration section */

/* Begin XCConfigurationList section */
		847D10721EE7E26700C46557 /* Build configuration list for PBXProject "TIP" */ = {
			isa = XCConfigurationList;
			buildConfigurations = (
				847D10871EE7E26700C46557 /* Debug */,
				847D10881EE7E26700C46557 /* Release */,
			);
			defaultConfigurationIsVisible = 0;
			defaultConfigurationName = Release;
		};
		847D10891EE7E26700C46557 /* Build configuration list for PBXNativeTarget "TIP" */ = {
			isa = XCConfigurationList;
			buildConfigurations = (
				847D108A1EE7E26700C46557 /* Debug */,
				847D108B1EE7E26700C46557 /* Release */,
			);
			defaultConfigurationIsVisible = 0;
		};
/* End XCConfigurationList section */
	};
	rootObject = 847D106F1EE7E26700C46557 /* Project object */;
}
